
Microsoft Visual Studio Solution File, Format Version 12.00
# Visual Studio Version 17
VisualStudioVersion = 17.12.35707.178
MinimumVisualStudioVersion = 10.0.40219.1
Project("{FAE04EC0-301F-11D3-BF4B-00C04F79EFBC}") = "Frontend", "Frontend\Frontend.csproj", "{F625DAF9-7ADB-4662-883D-1C5FB3123D2D}"
EndProject
Project("{FAE04EC0-301F-11D3-BF4B-00C04F79EFBC}") = "Backend", "Backend\Backend.csproj", "{965B6D80-CB74-4FB1-933A-265E37170FC6}"
EndProject
Project("{FAE04EC0-301F-11D3-BF4B-00C04F79EFBC}") = "Models", "Models\Models.csproj", "{8A69D90A-06E4-4ED0-A34B-80F8A878DB95}"
EndProject
Global
	GlobalSection(SolutionConfigurationPlatforms) = preSolution
		Debug|Any CPU = Debug|Any CPU
		Release|Any CPU = Release|Any CPU
	EndGlobalSection
	GlobalSection(ProjectConfigurationPlatforms) = postSolution
		{F625DAF9-7ADB-4662-883D-1C5FB3123D2D}.Debug|Any CPU.ActiveCfg = Debug|Any CPU
		{F625DAF9-7ADB-4662-883D-1C5FB3123D2D}.Debug|Any CPU.Build.0 = Debug|Any CPU
		{F625DAF9-7ADB-4662-883D-1C5FB3123D2D}.Release|Any CPU.ActiveCfg = Release|Any CPU
		{F625DAF9-7ADB-4662-883D-1C5FB3123D2D}.Release|Any CPU.Build.0 = Release|Any CPU
		{965B6D80-CB74-4FB1-933A-265E37170FC6}.Debug|Any CPU.ActiveCfg = Debug|Any CPU
		{965B6D80-CB74-4FB1-933A-265E37170FC6}.Debug|Any CPU.Build.0 = Debug|Any CPU
		{965B6D80-CB74-4FB1-933A-265E37170FC6}.Release|Any CPU.ActiveCfg = Release|Any CPU
		{965B6D80-CB74-4FB1-933A-265E37170FC6}.Release|Any CPU.Build.0 = Release|Any CPU
		{8A69D90A-06E4-4ED0-A34B-80F8A878DB95}.Debug|Any CPU.ActiveCfg = Debug|Any CPU
		{8A69D90A-06E4-4ED0-A34B-80F8A878DB95}.Debug|Any CPU.Build.0 = Debug|Any CPU
		{8A69D90A-06E4-4ED0-A34B-80F8A878DB95}.Release|Any CPU.ActiveCfg = Release|Any CPU
		{8A69D90A-06E4-4ED0-A34B-80F8A878DB95}.Release|Any CPU.Build.0 = Release|Any CPU
	EndGlobalSection
	GlobalSection(SolutionProperties) = preSolution
		HideSolutionNode = FALSE
	EndGlobalSection
EndGlobal
